
Microsoft Visual Studio Solution File, Format Version 12.00
# Visual Studio Version 16
VisualStudioVersion = 16.0.29025.244
MinimumVisualStudioVersion = 10.0.40219.1
Project("{FAE04EC0-301F-11D3-BF4B-00C04F79EFBC}") = "FakeMovieTheatre", "FakeMovieTheatre\FakeMovieTheatre.csproj", "{96379E65-E802-4F48-9ED4-4D977A36686B}"
EndProject
Global
	GlobalSection(SolutionConfigurationPlatforms) = preSolution
		Debug|Any CPU = Debug|Any CPU
		Release|Any CPU = Release|Any CPU
	EndGlobalSection
	GlobalSection(ProjectConfigurationPlatforms) = postSolution
		{96379E65-E802-4F48-9ED4-4D977A36686B}.Debug|Any CPU.ActiveCfg = Debug|Any CPU
		{96379E65-E802-4F48-9ED4-4D977A36686B}.Debug|Any CPU.Build.0 = Debug|Any CPU
		{96379E65-E802-4F48-9ED4-4D977A36686B}.Release|Any CPU.ActiveCfg = Release|Any CPU
		{96379E65-E802-4F48-9ED4-4D977A36686B}.Release|Any CPU.Build.0 = Release|Any CPU
	EndGlobalSection
	GlobalSection(SolutionProperties) = preSolution
		HideSolutionNode = FALSE
	EndGlobalSection
	GlobalSection(ExtensibilityGlobals) = postSolution
		SolutionGuid = {A710A6A8-5F6E-468E-8776-49596D787854}
	EndGlobalSection
EndGlobal
